// !$*UTF8*$!
{
	archiveVersion = 1;
	classes = {
	};
	objectVersion = 50;
	objects = {

/* Begin PBXBuildFile section */
		CEEB2BE326A260F100CB0101 /* OrientationDetectorApp.swift in Sources */ = {isa = PBXBuildFile; fileRef = CEEB2BE226A260F100CB0101 /* OrientationDetectorApp.swift */; };
		CEEB2BE526A260F100CB0101 /* ContentView.swift in Sources */ = {isa = PBXBuildFile; fileRef = CEEB2BE426A260F100CB0101 /* ContentView.swift */; };
		CEEB2BE726A260F200CB0101 /* Assets.xcassets in Resources */ = {isa = PBXBuildFile; fileRef = CEEB2BE626A260F200CB0101 /* Assets.xcassets */; };
		CEEB2BEA26A260F200CB0101 /* Preview Assets.xcassets in Resources */ = {isa = PBXBuildFile; fileRef = CEEB2BE926A260F200CB0101 /* Preview Assets.xcassets */; };
		CEEB2BF226A2617500CB0101 /* OrientationDetector.swift in Sources */ = {isa = PBXBuildFile; fileRef = CEEB2BF126A2617500CB0101 /* OrientationDetector.swift */; };
/* End PBXBuildFile section */

/* Begin PBXFileReference section */
		CEEB2BDF26A260F100CB0101 /* OrientationDetector.app */ = {isa = PBXFileReference; explicitFileType = wrapper.application; includeInIndex = 0; path = OrientationDetector.app; sourceTree = BUILT_PRODUCTS_DIR; };
		CEEB2BE226A260F100CB0101 /* OrientationDetectorApp.swift */ = {isa = PBXFileReference; lastKnownFileType = sourcecode.swift; path = OrientationDetectorApp.swift; sourceTree = "<group>"; };
		CEEB2BE426A260F100CB0101 /* ContentView.swift */ = {isa = PBXFileReference; lastKnownFileType = sourcecode.swift; path = ContentView.swift; sourceTree = "<group>"; };
		CEEB2BE626A260F200CB0101 /* Assets.xcassets */ = {isa = PBXFileReference; lastKnownFileType = folder.assetcatalog; path = Assets.xcassets; sourceTree = "<group>"; };
		CEEB2BE926A260F200CB0101 /* Preview Assets.xcassets */ = {isa = PBXFileReference; lastKnownFileType = folder.assetcatalog; path = "Preview Assets.xcassets"; sourceTree = "<group>"; };
		CEEB2BEB26A260F200CB0101 /* Info.plist */ = {isa = PBXFileReference; lastKnownFileType = text.plist.xml; path = Info.plist; sourceTree = "<group>"; };
		CEEB2BF126A2617500CB0101 /* OrientationDetector.swift */ = {isa = PBXFileReference; lastKnownFileType = sourcecode.swift; path = OrientationDetector.swift; sourceTree = "<group>"; };
/* End PBXFileReference section */

/* Begin PBXFrameworksBuildPhase section */
		CEEB2BDC26A260F100CB0101 /* Frameworks */ = {
			isa = PBXFrameworksBuildPhase;
			buildActionMask = 2147483647;
			files = (
			);
			runOnlyForDeploymentPostprocessing = 0;
		};
/* End PBXFrameworksBuildPhase section */

/* Begin PBXGroup section */
		CEEB2BD626A260F100CB0101 = {
			isa = PBXGroup;
			children = (
				CEEB2BE126A260F100CB0101 /* OrientationDetector */,
				CEEB2BE026A260F100CB0101 /* Products */,
			);
			sourceTree = "<group>";
		};
		CEEB2BE026A260F100CB0101 /* Products */ = {
			isa = PBXGroup;
			children = (
				CEEB2BDF26A260F100CB0101 /* OrientationDetector.app */,
			);
			name = Products;
			sourceTree = "<group>";
		};
		CEEB2BE126A260F100CB0101 /* OrientationDetector */ = {
			isa = PBXGroup;
			children = (
				CEEB2BE226A260F100CB0101 /* OrientationDetectorApp.swift */,
				CEEB2BF126A2617500CB0101 /* OrientationDetector.swift */,
				CEEB2BE426A260F100CB0101 /* ContentView.swift */,
				CEEB2BE626A260F200CB0101 /* Assets.xcassets */,
				CEEB2BEB26A260F200CB0101 /* Info.plist */,
				CEEB2BE826A260F200CB0101 /* Preview Content */,
			);
			path = OrientationDetector;
			sourceTree = "<group>";
		};
		CEEB2BE826A260F200CB0101 /* Preview Content */ = {
			isa = PBXGroup;
			children = (
				CEEB2BE926A260F200CB0101 /* Preview Assets.xcassets */,
			);
			path = "Preview Content";
			sourceTree = "<group>";
		};
/* End PBXGroup section */

/* Begin PBXNativeTarget section */
		CEEB2BDE26A260F100CB0101 /* OrientationDetector */ = {
			isa = PBXNativeTarget;
			buildConfigurationList = CEEB2BEE26A260F200CB0101 /* Build configuration list for PBXNativeTarget "OrientationDetector" */;
			buildPhases = (
				CEEB2BDB26A260F100CB0101 /* Sources */,
				CEEB2BDC26A260F100CB0101 /* Frameworks */,
				CEEB2BDD26A260F100CB0101 /* Resources */,
			);
			buildRules = (
			);
			dependencies = (
			);
			name = OrientationDetector;
			productName = OrientationDetector;
			productReference = CEEB2BDF26A260F100CB0101 /* OrientationDetector.app */;
			productType = "com.apple.product-type.application";
		};
/* End PBXNativeTarget section */

/* Begin PBXProject section */
		CEEB2BD726A260F100CB0101 /* Project object */ = {
			isa = PBXProject;
			attributes = {
				LastSwiftUpdateCheck = 1250;
				LastUpgradeCheck = 1250;
				TargetAttributes = {
					CEEB2BDE26A260F100CB0101 = {
						CreatedOnToolsVersion = 12.5.1;
					};
				};
			};
			buildConfigurationList = CEEB2BDA26A260F100CB0101 /* Build configuration list for PBXProject "OrientationDetector" */;
			compatibilityVersion = "Xcode 9.3";
			developmentRegion = en;
			hasScannedForEncodings = 0;
			knownRegions = (
				en,
				Base,
			);
			mainGroup = CEEB2BD626A260F100CB0101;
			productRefGroup = CEEB2BE026A260F100CB0101 /* Products */;
			projectDirPath = "";
			projectRoot = "";
			targets = (
				CEEB2BDE26A260F100CB0101 /* OrientationDetector */,
			);
		};
/* End PBXProject section */

/* Begin PBXResourcesBuildPhase section */
		CEEB2BDD26A260F100CB0101 /* Resources */ = {
			isa = PBXResourcesBuildPhase;
			buildActionMask = 2147483647;
			files = (
				CEEB2BEA26A260F200CB0101 /* Preview Assets.xcassets in Resources */,
				CEEB2BE726A260F200CB0101 /* Assets.xcassets in Resources */,
			);
			runOnlyForDeploymentPostprocessing = 0;
		};
/* End PBXResourcesBuildPhase section */

/* Begin PBXSourcesBuildPhase section */
		CEEB2BDB26A260F100CB0101 /* Sources */ = {
			isa = PBXSourcesBuildPhase;
			buildActionMask = 2147483647;
			files = (
				CEEB2BE526A260F100CB0101 /* ContentView.swift in Sources */,
				CEEB2BF226A2617500CB0101 /* OrientationDetector.swift in Sources */,
				CEEB2BE326A260F100CB0101 /* OrientationDetectorApp.swift in Sources */,
			);
			runOnlyForDeploymentPostprocessing = 0;
		};
/* End PBXSourcesBuildPhase section */

/* Begin XCBuildConfiguration section */
		CEEB2BEC26A260F200CB0101 /* Debug */ = {
			isa = XCBuildConfiguration;
			buildSettings = {
				ALWAYS_SEARCH_USER_PATHS = NO;
				CLANG_ANALYZER_NONNULL = YES;
				CLANG_ANALYZER_NUMBER_OBJECT_CONVERSION = YES_AGGRESSIVE;
				CLANG_CXX_LANGUAGE_STANDARD = "gnu++14";
				CLANG_CXX_LIBRARY = "libc++";
				CLANG_ENABLE_MODULES = YES;
				CLANG_ENABLE_OBJC_ARC = YES;
				CLANG_ENABLE_OBJC_WEAK = YES;
				CLANG_WARN_BLOCK_CAPTURE_AUTORELEASING = YES;
				CLANG_WARN_BOOL_CONVERSION = YES;
				CLANG_WARN_COMMA = YES;
				CLANG_WARN_CONSTANT_CONVERSION = YES;
				CLANG_WARN_DEPRECATED_OBJC_IMPLEMENTATIONS = YES;
				CLANG_WARN_DIRECT_OBJC_ISA_USAGE = YES_ERROR;
				CLANG_WARN_DOCUMENTATION_COMMENTS = YES;
				CLANG_WARN_EMPTY_BODY = YES;
				CLANG_WARN_ENUM_CONVERSION = YES;
				CLANG_WARN_INFINITE_RECURSION = YES;
				CLANG_WARN_INT_CONVERSION = YES;
				CLANG_WARN_NON_LITERAL_NULL_CONVERSION = YES;
				CLANG_WARN_OBJC_IMPLICIT_RETAIN_SELF = YES;
				CLANG_WARN_OBJC_LITERAL_CONVERSION = YES;
				CLANG_WARN_OBJC_ROOT_CLASS = YES_ERROR;
				CLANG_WARN_QUOTED_INCLUDE_IN_FRAMEWORK_HEADER = YES;
				CLANG_WARN_RANGE_LOOP_ANALYSIS = YES;
				CLANG_WARN_STRICT_PROTOTYPES = YES;
				CLANG_WARN_SUSPICIOUS_MOVE = YES;
				CLANG_WARN_UNGUARDED_AVAILABILITY = YES_AGGRESSIVE;
				CLANG_WARN_UNREACHABLE_CODE = YES;
				CLANG_WARN__DUPLICATE_METHOD_MATCH = YES;
				COPY_PHASE_STRIP = NO;
				DEBUG_INFORMATION_FORMAT = dwarf;
				ENABLE_STRICT_OBJC_MSGSEND = YES;
				ENABLE_TESTABILITY = YES;
				GCC_C_LANGUAGE_STANDARD = gnu11;
				GCC_DYNAMIC_NO_PIC = NO;
				GCC_NO_COMMON_BLOCKS = YES;
				GCC_OPTIMIZATION_LEVEL = 0;
				GCC_PREPROCESSOR_DEFINITIONS = (
					"DEBUG=1",
					"$(inherited)",
				);
				GCC_WARN_64_TO_32_BIT_CONVERSION = YES;
				GCC_WARN_ABOUT_RETURN_TYPE = YES_ERROR;
				GCC_WARN_UNDECLARED_SELECTOR = YES;
				GCC_WARN_UNINITIALIZED_AUTOS = YES_AGGRESSIVE;
				GCC_WARN_UNUSED_FUNCTION = YES;
				GCC_WARN_UNUSED_VARIABLE = YES;
				IPHONEOS_DEPLOYMENT_TARGET = 14.5;
				MTL_ENABLE_DEBUG_INFO = INCLUDE_SOURCE;
				MTL_FAST_MATH = YES;
				ONLY_ACTIVE_ARCH = YES;
				SDKROOT = iphoneos;
				SWIFT_ACTIVE_COMPILATION_CONDITIONS = DEBUG;
				SWIFT_OPTIMIZATION_LEVEL = "-Onone";
			};
			name = Debug;
		};
		CEEB2BED26A260F200CB0101 /* Release */ = {
			isa = XCBuildConfiguration;
			buildSettings = {
				ALWAYS_SEARCH_USER_PATHS = NO;
				CLANG_ANALYZER_NONNULL = YES;
				CLANG_ANALYZER_NUMBER_OBJECT_CONVERSION = YES_AGGRESSIVE;
				CLANG_CXX_LANGUAGE_STANDARD = "gnu++14";
				CLANG_CXX_LIBRARY = "libc++";
				CLANG_ENABLE_MODULES = YES;
				CLANG_ENABLE_OBJC_ARC = YES;
				CLANG_ENABLE_OBJC_WEAK = YES;
				CLANG_WARN_BLOCK_CAPTURE_AUTORELEASING = YES;
				CLANG_WARN_BOOL_CONVERSION = YES;
				CLANG_WARN_COMMA = YES;
				CLANG_WARN_CONSTANT_CONVERSION = YES;
				CLANG_WARN_DEPRECATED_OBJC_IMPLEMENTATIONS = YES;
				CLANG_WARN_DIRECT_OBJC_ISA_USAGE = YES_ERROR;
				CLANG_WARN_DOCUMENTATION_COMMENTS = YES;
				CLANG_WARN_EMPTY_BODY = YES;
				CLANG_WARN_ENUM_CONVERSION = YES;
				CLANG_WARN_INFINITE_RECURSION = YES;
				CLANG_WARN_INT_CONVERSION = YES;
				CLANG_WARN_NON_LITERAL_NULL_CONVERSION = YES;
				CLANG_WARN_OBJC_IMPLICIT_RETAIN_SELF = YES;
				CLANG_WARN_OBJC_LITERAL_CONVERSION = YES;
				CLANG_WARN_OBJC_ROOT_CLASS = YES_ERROR;
				CLANG_WARN_QUOTED_INCLUDE_IN_FRAMEWORK_HEADER = YES;
				CLANG_WARN_RANGE_LOOP_ANALYSIS = YES;
				CLANG_WARN_STRICT_PROTOTYPES = YES;
				CLANG_WARN_SUSPICIOUS_MOVE = YES;
				CLANG_WARN_UNGUARDED_AVAILABILITY = YES_AGGRESSIVE;
				CLANG_WARN_UNREACHABLE_CODE = YES;
				CLANG_WARN__DUPLICATE_METHOD_MATCH = YES;
				COPY_PHASE_STRIP = NO;
				DEBUG_INFORMATION_FORMAT = "dwarf-with-dsym";
				ENABLE_NS_ASSERTIONS = NO;
				ENABLE_STRICT_OBJC_MSGSEND = YES;
				GCC_C_LANGUAGE_STANDARD = gnu11;
				GCC_NO_COMMON_BLOCKS = YES;
				GCC_WARN_64_TO_32_BIT_CONVERSION = YES;
				GCC_WARN_ABOUT_RETURN_TYPE = YES_ERROR;
				GCC_WARN_UNDECLARED_SELECTOR = YES;
				GCC_WARN_UNINITIALIZED_AUTOS = YES_AGGRESSIVE;
				GCC_WARN_UNUSED_FUNCTION = YES;
				GCC_WARN_UNUSED_VARIABLE = YES;
				IPHONEOS_DEPLOYMENT_TARGET = 14.5;
				MTL_ENABLE_DEBUG_INFO = NO;
				MTL_FAST_MATH = YES;
				SDKROOT = iphoneos;
				SWIFT_COMPILATION_MODE = wholemodule;
				SWIFT_OPTIMIZATION_LEVEL = "-O";
				VALIDATE_PRODUCT = YES;
			};
			name = Release;
		};
		CEEB2BEF26A260F200CB0101 /* Debug */ = {
			isa = XCBuildConfiguration;
			buildSettings = {
				ASSETCATALOG_COMPILER_APPICON_NAME = AppIcon;
				ASSETCATALOG_COMPILER_GLOBAL_ACCENT_COLOR_NAME = AccentColor;
				CODE_SIGN_STYLE = Automatic;
				DEVELOPMENT_ASSET_PATHS = "\"OrientationDetector/Preview Content\"";
				DEVELOPMENT_TEAM = WHBF4Z49B6;
				ENABLE_PREVIEWS = YES;
				INFOPLIST_FILE = OrientationDetector/Info.plist;
				IPHONEOS_DEPLOYMENT_TARGET = 14.0;
				LD_RUNPATH_SEARCH_PATHS = (
					"$(inherited)",
					"@executable_path/Frameworks",
				);
				PRODUCT_BUNDLE_IDENTIFIER = com.shakshi.OrientationDetector;
				PRODUCT_NAME = "$(TARGET_NAME)";
				SWIFT_VERSION = 5.0;
				TARGETED_DEVICE_FAMILY = "1,2";
			};
			name = Debug;
		};
		CEEB2BF026A260F200CB0101 /* Release */ = {
			isa = XCBuildConfiguration;
			buildSettings = {
				ASSETCATALOG_COMPILER_APPICON_NAME = AppIcon;
				ASSETCATALOG_COMPILER_GLOBAL_ACCENT_COLOR_NAME = AccentColor;
				CODE_SIGN_STYLE = Automatic;
				DEVELOPMENT_ASSET_PATHS = "\"OrientationDetector/Preview Content\"";
				DEVELOPMENT_TEAM = WHBF4Z49B6;
				ENABLE_PREVIEWS = YES;
				INFOPLIST_FILE = OrientationDetector/Info.plist;
				IPHONEOS_DEPLOYMENT_TARGET = 14.0;
				LD_RUNPATH_SEARCH_PATHS = (
					"$(inherited)",
					"@executable_path/Frameworks",
				);
				PRODUCT_BUNDLE_IDENTIFIER = com.shakshi.OrientationDetector;
				PRODUCT_NAME = "$(TARGET_NAME)";
				SWIFT_VERSION = 5.0;
				TARGETED_DEVICE_FAMILY = "1,2";
			};
			name = Release;
		};
/* End XCBuildConfiguration section */

/* Begin XCConfigurationList section */
		CEEB2BDA26A260F100CB0101 /* Build configuration list for PBXProject "OrientationDetector" */ = {
			isa = XCConfigurationList;
			buildConfigurations = (
				CEEB2BEC26A260F200CB0101 /* Debug */,
				CEEB2BED26A260F200CB0101 /* Release */,
			);
			defaultConfigurationIsVisible = 0;
			defaultConfigurationName = Release;
		};
		CEEB2BEE26A260F200CB0101 /* Build configuration list for PBXNativeTarget "OrientationDetector" */ = {
			isa = XCConfigurationList;
			buildConfigurations = (
				CEEB2BEF26A260F200CB0101 /* Debug */,
				CEEB2BF026A260F200CB0101 /* Release */,
			);
			defaultConfigurationIsVisible = 0;
			defaultConfigurationName = Release;
		};
/* End XCConfigurationList section */
	};
	rootObject = CEEB2BD726A260F100CB0101 /* Project object */;
}
